{
  "name": "ecom",
  "lockfileVersion": 3,
  "requires": true,
  "packages": {
    "": {
      "devDependencies": {
        "@types/react-simple-maps": "^3.0.6"
      }
    },
    "node_modules/@types/d3-color": {
      "version": "2.0.6",
      "resolved": "https://registry.npmjs.org/@types/d3-color/-/d3-color-2.0.6.tgz",
      "integrity": "sha512-tbaFGDmJWHqnenvk3QGSvD3RVwr631BjKRD7Sc7VLRgrdX5mk5hTyoeBL6rXZaeoXzmZwIl1D2HPogEdt1rHBg==",
      "dev": true,
      "license": "MIT"
    },
    "node_modules/@types/d3-geo": {
      "version": "2.0.7",
      "resolved": "https://registry.npmjs.org/@types/d3-geo/-/d3-geo-2.0.7.tgz",
      "integrity": "sha512-RIXlxPdxvX+LAZFv+t78CuYpxYag4zuw9mZc+AwfB8tZpKU90rMEn2il2ADncmeZlb7nER9dDsJpRisA3lRvjA==",
      "dev": true,
      "license": "MIT",
      "dependencies": {
        "@types/geojson": "*"
      }
    },
    "node_modules/@types/d3-interpolate": {
      "version": "2.0.5",
      "resolved": "https://registry.npmjs.org/@types/d3-interpolate/-/d3-interpolate-2.0.5.tgz",
      "integrity": "sha512-UINE41RDaUMbulp+bxQMDnhOi51rh5lA2dG+dWZU0UY/IwQiG/u2x8TfnWYU9+xwGdXsJoAvrBYUEQl0r91atg==",
      "dev": true,
      "license": "MIT",
      "dependencies": {
        "@types/d3-color": "^2"
      }
    },
    "node_modules/@types/d3-selection": {
      "version": "2.0.5",
      "resolved": "https://registry.npmjs.org/@types/d3-selection/-/d3-selection-2.0.5.tgz",
      "integrity": "sha512-71BorcY0yXl12S7lvb01JdaN9TpeUHBDb4RRhSq8U8BEkX/nIk5p7Byho+ZRTsx5nYLMpAbY3qt5EhqFzfGJlw==",
      "dev": true,
      "license": "MIT"
    },
    "node_modules/@types/d3-zoom": {
      "version": "2.0.7",
      "resolved": "https://registry.npmjs.org/@types/d3-zoom/-/d3-zoom-2.0.7.tgz",
      "integrity": "sha512-JWke4E8ZyrKUQ68ESTWSK16fVb0OYnaiJ+WXJRYxKLn4aXU0o4CLYxMWBEiouUfO3TTCoyroOrGPcBG6u1aAxA==",
      "dev": true,
      "license": "MIT",
      "dependencies": {
        "@types/d3-interpolate": "^2",
        "@types/d3-selection": "^2"
      }
    },
    "node_modules/@types/geojson": {
      "version": "7946.0.16",
      "resolved": "https://registry.npmjs.org/@types/geojson/-/geojson-7946.0.16.tgz",
      "integrity": "sha512-6C8nqWur3j98U6+lXDfTUWIfgvZU+EumvpHKcYjujKH7woYyLj2sUmff0tRhrqM7BohUw7Pz3ZB1jj2gW9Fvmg==",
      "dev": true,
      "license": "MIT"
    },
    "node_modules/@types/react": {
      "version": "19.2.14",
      "resolved": "https://registry.npmjs.org/@types/react/-/react-19.2.14.tgz",
      "integrity": "sha512-ilcTH/UniCkMdtexkoCN0bI7pMcJDvmQFPvuPvmEaYA/NSfFTAgdUSLAoVjaRJm7+6PvcM+q1zYOwS4wTYMF9w==",
      "dev": true,
      "license": "MIT",
      "dependencies": {
        "csstype": "^3.2.2"
      }
    },
    "node_modules/@types/react-simple-maps": {
      "version": "3.0.6",
      "resolved": "https://registry.npmjs.org/@types/react-simple-maps/-/react-simple-maps-3.0.6.tgz",
      "integrity": "sha512-hR01RXt6VvsE41FxDd+Bqm1PPGdKbYjCYVtCgh38YeBPt46z3SwmWPWu2L3EdCAP6bd6VYEgztucihRw1C0Klg==",
      "dev": true,
      "license": "MIT",
      "dependencies": {
        "@types/d3-geo": "^2",
        "@types/d3-zoom": "^2",
        "@types/geojson": "*",
        "@types/react": "*"
      }
    },
    "node_modules/csstype": {
      "version": "3.2.3",
      "resolved": "https://registry.npmjs.org/csstype/-/csstype-3.2.3.tgz",
      "integrity": "sha512-z1HGKcYy2xA8AGQfwrn0PAy+PB7X/GSj3UVJW9qKyn43xWa+gl5nXmU4qqLMRzWVLFC8KusUX8T/0kCiOYpAIQ==",
      "dev": true,
      "license": "MIT"
    }
  }
}
